<?xml version="1.0" encoding="utf-8"?>
<Project ToolsVersion="4.0" xmlns="http://schemas.microsoft.com/developer/msbuild/2003">
  <ItemGroup>
    <Filter Include="Header Files">
      <UniqueIdentifier>{93995380-89BD-4b04-88EB-625FBE52EBFB}</UniqueIdentifier>
      <Extensions>h;hpp;hxx;hm;inl;inc;xsd</Extensions>
    </Filter>
    <Filter Include="Resource Files">
      <UniqueIdentifier>{67DA6AB6-F800-4c08-8B7A-83BB121AAD01}</UniqueIdentifier>
      <Extensions>rc;ico;cur;bmp;dlg;rc2;rct;bin;rgs;gif;jpg;jpeg;jpe;resx;tiff;tif;png;wav</Extensions>
    </Filter>
    <Filter Include="Source Files">
      <UniqueIdentifier>{4FC737F1-C7A5-4376-A066-2A32D752A2FF}</UniqueIdentifier>
      <Extensions>cpp;c;cc;cxx;def;odl;idl;hpj;bat;asm;asmx;pkgdef;pkgundef;vsixmanifest</Extensions>
    </Filter>
  </ItemGroup>
  <ItemGroup>
    <ClCompile Include="Guids.cpp">
      <Filter>Source Files</Filter>
    </ClCompile>
    <ClCompile Include="StdAfx.cpp">
      <Filter>Source Files</Filter>
    </ClCompile>
    <ClCompile Include="TangramToolWindow.cpp">
      <Filter>Source Files</Filter>
    </ClCompile>
    <ClCompile Include="TangramVSIApp.cpp">
      <Filter>Source Files</Filter>
    </ClCompile>
    <ClCompile Include="TangramPackage.cpp">
      <Filter>Source Files</Filter>
    </ClCompile>
    <ClCompile Include="TangramSettingsDlg.cpp">
      <Filter>Source Files</Filter>
    </ClCompile>
  </ItemGroup>
  <ItemGroup>
    <ClInclude Include="CommonIncludes.h">
      <Filter>Header Files</Filter>
    </ClInclude>
    <ClInclude Include="Guids.h">
      <Filter>Header Files</Filter>
    </ClInclude>
    <ClInclude Include="Resource.h">
      <Filter>Header Files</Filter>
    </ClInclude>
    <ClInclude Include="StdAfx.h">
      <Filter>Header Files</Filter>
    </ClInclude>
    <ClInclude Include="TangramToolWindow.h">
      <Filter>Header Files</Filter>
    </ClInclude>
    <ClInclude Include="Package.h">
      <Filter>Header Files</Filter>
    </ClInclude>
    <ClInclude Include="TangramVSIApp.h">
      <Filter>Header Files</Filter>
    </ClInclude>
    <ClInclude Include="TangramEditorDocument.h">
      <Filter>Header Files</Filter>
    </ClInclude>
    <ClInclude Include="TangramEditorFactory.h">
      <Filter>Header Files</Filter>
    </ClInclude>
    <ClInclude Include="TangramSettingsDlg.h">
      <Filter>Header Files</Filter>
    </ClInclude>
  </ItemGroup>
  <ItemGroup>
    <Midl Include="TangramPackage.idl">
      <Filter>Source Files</Filter>
    </Midl>
  </ItemGroup>
  <ItemGroup>
    <ResourceCompile Include="TangramPackage.rc">
      <Filter>Resource Files</Filter>
    </ResourceCompile>
  </ItemGroup>
  <ItemGroup>
    <None Include="TangramPackage.def">
      <Filter>Source Files</Filter>
    </None>
    <None Include="TangramEditorCore.inl">
      <Filter>Header Files</Filter>
    </None>
    <None Include="TangramEditorEvents.inl">
      <Filter>Header Files</Filter>
    </None>
    <None Include="TangramEditorAutomation.inl">
      <Filter>Header Files</Filter>
    </None>
    <None Include="TangramEditorFindAndReplace.inl">
      <Filter>Header Files</Filter>
    </None>
    <None Include="TangramEditorPersistance.inl">
      <Filter>Header Files</Filter>
    </None>
    <None Include="TangramEditorWindowing.inl">
      <Filter>Header Files</Filter>
    </None>
    <None Include="OfficePlus\excel.exe.config" />
    <None Include="OfficePlus\powerpnt.exe.config" />
    <None Include="OfficePlus\winword.exe.config" />
  </ItemGroup>
  <ItemGroup>
    <PkgdefFile Include="TangramPackage.pkgdef">
      <Filter>Source Files</Filter>
    </PkgdefFile>
    <PkgdefFile Include="Templates\TangramPackage.vsdir" />
    <PkgdefFile Include="Templates\TangramExtFile4.APPXml" />
    <PkgdefFile Include="Templates\TangramExtFile.APPXml" />
    <PkgdefFile Include="Templates\TangramExtFile.html" />
    <PkgdefFile Include="Templates\TangramExtFile0.APPXml" />
    <PkgdefFile Include="Templates\TangramExtFile1.APPXml" />
    <PkgdefFile Include="Templates\TangramExtFile2.APPXml" />
    <PkgdefFile Include="Templates\TangramExtFile3.APPXml" />
    <PkgdefFile Include="XML\Tangram.Xml" />
    <PkgdefFile Include="..\Release\TangramCLR.dll" />
    <PkgdefFile Include="..\Release\TangramVSIHelper.dll" />
    <PkgdefFile Include="..\Release\TangramDotNetLib.dll" />
    <PkgdefFile Include="..\Release\TangramView.dll" />
    <PkgdefFile Include="XML\tangrameditor.xml" />
    <PkgdefFile Include="..\msi\release\Tangram_CRT_x64.msi" />
    <PkgdefFile Include="..\msi\release\Tangram_CRT_x86.msi" />
    <PkgdefFile Include="..\msi\Microsoft.VC140.CRT\concrt140.dll" />
    <PkgdefFile Include="..\msi\Microsoft.VC140.CRT\vccorlib140.dll" />
    <PkgdefFile Include="..\msi\Microsoft.VC140.CRT\vcruntime140.dll" />
    <PkgdefFile Include="..\msi\Microsoft.VC140.CRT\msvcp140.dll" />
    <PkgdefFile Include="..\Release\TangramMFCApp.exe" />
  </ItemGroup>
</Project>