<?xml version="1.0" encoding="utf-8"?>
<Project ToolsVersion="4.0" xmlns="http://schemas.microsoft.com/developer/msbuild/2003">
  <ItemGroup>
    <Filter Include="Header Files">
      <UniqueIdentifier>{93995380-89BD-4b04-88EB-625FBE52EBFB}</UniqueIdentifier>
      <Extensions>h;hh;hpp;hxx;hm;inl;inc;xsd</Extensions>
    </Filter>
    <Filter Include="Resource Files">
      <UniqueIdentifier>{67DA6AB6-F800-4c08-8B7A-83BB121AAD01}</UniqueIdentifier>
      <Extensions>rc;ico;cur;bmp;dlg;rc2;rct;bin;rgs;gif;jpg;jpeg;jpe;resx;tiff;tif;png;wav;mfcribbon-ms</Extensions>
    </Filter>
    <Filter Include="Source Files">
      <UniqueIdentifier>{4FC737F1-C7A5-4376-A066-2A32D752A2FF}</UniqueIdentifier>
      <Extensions>cpp;c;cc;cxx;def;odl;idl;hpj;bat;asm;asmx</Extensions>
    </Filter>
    <Filter Include="Generated Files">
      <UniqueIdentifier>{c17c18f7-4792-40f9-a697-d1d5ab9ab62c}</UniqueIdentifier>
      <SourceControlFiles>False</SourceControlFiles>
    </Filter>
  </ItemGroup>
  <ItemGroup>
    <ClCompile Include="stdafx.cpp">
      <Filter>Source Files</Filter>
    </ClCompile>
    <ClCompile Include="TangramView.cpp">
      <Filter>Source Files</Filter>
    </ClCompile>
    <ClCompile Include="dllmain.cpp">
      <Filter>Source Files</Filter>
    </ClCompile>
    <ClCompile Include="TangramView_i.c">
      <Filter>Generated Files</Filter>
    </ClCompile>
    <ClCompile Include="TangramConnector.cpp">
      <Filter>Source Files</Filter>
    </ClCompile>
    <ClCompile Include="TangramFormView.cpp">
      <Filter>Source Files</Filter>
    </ClCompile>
    <ClCompile Include="VsDesignFormView.cpp">
      <Filter>Source Files</Filter>
    </ClCompile>
    <ClCompile Include="TangramOfficeToolView.cpp">
      <Filter>Source Files</Filter>
    </ClCompile>
  </ItemGroup>
  <ItemGroup>
    <ClInclude Include="stdafx.h">
      <Filter>Header Files</Filter>
    </ClInclude>
    <ClInclude Include="targetver.h">
      <Filter>Header Files</Filter>
    </ClInclude>
    <ClInclude Include="Resource.h">
      <Filter>Header Files</Filter>
    </ClInclude>
    <ClInclude Include="dllmain.h">
      <Filter>Header Files</Filter>
    </ClInclude>
    <ClInclude Include="TangramView_i.h">
      <Filter>Generated Files</Filter>
    </ClInclude>
    <ClInclude Include="TangramConnector.h">
      <Filter>Header Files</Filter>
    </ClInclude>
    <ClInclude Include="TangramFormView.h">
      <Filter>Header Files</Filter>
    </ClInclude>
    <ClInclude Include="VsDesignFormView.h">
      <Filter>Header Files</Filter>
    </ClInclude>
    <ClInclude Include="TangramOfficeToolView.h">
      <Filter>Header Files</Filter>
    </ClInclude>
  </ItemGroup>
  <ItemGroup>
    <ResourceCompile Include="TangramView.rc">
      <Filter>Resource Files</Filter>
    </ResourceCompile>
  </ItemGroup>
  <ItemGroup>
    <None Include="TangramView.rgs">
      <Filter>Resource Files</Filter>
    </None>
    <None Include="TangramView.def">
      <Filter>Source Files</Filter>
    </None>
    <None Include="TangramConnector.rgs">
      <Filter>Resource Files</Filter>
    </None>
  </ItemGroup>
  <ItemGroup>
    <Midl Include="TangramView.idl">
      <Filter>Source Files</Filter>
    </Midl>
  </ItemGroup>
</Project>