<?xml version="1.0" encoding="utf-8"?>
<Project ToolsVersion="4.0" xmlns="http://schemas.microsoft.com/developer/msbuild/2003">
  <ItemGroup>
    <Filter Include="源文件">
      <UniqueIdentifier>{b00746fd-4e80-4783-a215-cc1831aee37d}</UniqueIdentifier>
    </Filter>
    <Filter Include="生成的文件">
      <UniqueIdentifier>{dc93185e-89a9-4afb-8112-9f5843da7626}</UniqueIdentifier>
      <SourceControlFiles>False</SourceControlFiles>
    </Filter>
  </ItemGroup>
  <ItemGroup>
    <None Include="TangramCLRProxyps.def" />
  </ItemGroup>
  <ItemGroup>
    <ClCompile Include="TangramCLRProxy_i.c">
      <Filter>生成的文件</Filter>
    </ClCompile>
    <ClCompile Include="TangramCLRProxy_p.c">
      <Filter>生成的文件</Filter>
    </ClCompile>
    <ClCompile Include="dlldata.c">
      <Filter>生成的文件</Filter>
    </ClCompile>
  </ItemGroup>
</Project>